// !$*UTF8*$!
{
	archiveVersion = 1;
	classes = {
	};
	objectVersion = 50;
	objects = {

/* Begin PBXBuildFile section */
		52F7382820F415EA00971C86 /* AppDelegate.swift in Sources */ = {isa = PBXBuildFile; fileRef = 52F7382720F415EA00971C86 /* AppDelegate.swift */; };
		52F7382A20F415EA00971C86 /* ViewController.swift in Sources */ = {isa = PBXBuildFile; fileRef = 52F7382920F415EA00971C86 /* ViewController.swift */; };
		52F7382D20F415EA00971C86 /* Main.storyboard in Resources */ = {isa = PBXBuildFile; fileRef = 52F7382B20F415EA00971C86 /* Main.storyboard */; };
		52F7382F20F415ED00971C86 /* Assets.xcassets in Resources */ = {isa = PBXBuildFile; fileRef = 52F7382E20F415ED00971C86 /* Assets.xcassets */; };
		52F7383220F415ED00971C86 /* LaunchScreen.storyboard in Resources */ = {isa = PBXBuildFile; fileRef = 52F7383020F415ED00971C86 /* LaunchScreen.storyboard */; };
		52F7383A20F41EE900971C86 /* Int+PrimeFinder.swift in Sources */ = {isa = PBXBuildFile; fileRef = 52F7383920F41EE900971C86 /* Int+PrimeFinder.swift */; };
		52F7383C20F42A5100971C86 /* Utility.swift in Sources */ = {isa = PBXBuildFile; fileRef = 52F7383B20F42A5100971C86 /* Utility.swift */; };
		52F7383E20F4420A00971C86 /* NetworkingClient.swift in Sources */ = {isa = PBXBuildFile; fileRef = 52F7383D20F4420A00971C86 /* NetworkingClient.swift */; };
		52F7384020F4549800971C86 /* imageCollectionViewCell.swift in Sources */ = {isa = PBXBuildFile; fileRef = 52F7383F20F4549800971C86 /* imageCollectionViewCell.swift */; };
		52F7384220F4558800971C86 /* ImageData.swift in Sources */ = {isa = PBXBuildFile; fileRef = 52F7384120F4558800971C86 /* ImageData.swift */; };
		52F7384420F462D200971C86 /* Components.swift in Sources */ = {isa = PBXBuildFile; fileRef = 52F7384320F462D200971C86 /* Components.swift */; };
		52F7384620F4780400971C86 /* NetworkResponse.swift in Sources */ = {isa = PBXBuildFile; fileRef = 52F7384520F4780400971C86 /* NetworkResponse.swift */; };
		52F7384F20F4FAE100971C86 /* ImageCache.swift in Sources */ = {isa = PBXBuildFile; fileRef = 52F7384E20F4FAE100971C86 /* ImageCache.swift */; };
		52F7385120F51C4000971C86 /* NetworkErrors.swift in Sources */ = {isa = PBXBuildFile; fileRef = 52F7385020F51C4000971C86 /* NetworkErrors.swift */; };
/* End PBXBuildFile section */

/* Begin PBXFileReference section */
		52F7382420F415EA00971C86 /* SpinCar.app */ = {isa = PBXFileReference; explicitFileType = wrapper.application; includeInIndex = 0; path = SpinCar.app; sourceTree = BUILT_PRODUCTS_DIR; };
		52F7382720F415EA00971C86 /* AppDelegate.swift */ = {isa = PBXFileReference; lastKnownFileType = sourcecode.swift; path = AppDelegate.swift; sourceTree = "<group>"; };
		52F7382920F415EA00971C86 /* ViewController.swift */ = {isa = PBXFileReference; lastKnownFileType = sourcecode.swift; path = ViewController.swift; sourceTree = "<group>"; };
		52F7382C20F415EA00971C86 /* Base */ = {isa = PBXFileReference; lastKnownFileType = file.storyboard; name = Base; path = Base.lproj/Main.storyboard; sourceTree = "<group>"; };
		52F7382E20F415ED00971C86 /* Assets.xcassets */ = {isa = PBXFileReference; lastKnownFileType = folder.assetcatalog; path = Assets.xcassets; sourceTree = "<group>"; };
		52F7383120F415ED00971C86 /* Base */ = {isa = PBXFileReference; lastKnownFileType = file.storyboard; name = Base; path = Base.lproj/LaunchScreen.storyboard; sourceTree = "<group>"; };
		52F7383320F415ED00971C86 /* Info.plist */ = {isa = PBXFileReference; lastKnownFileType = text.plist.xml; path = Info.plist; sourceTree = "<group>"; };
		52F7383920F41EE900971C86 /* Int+PrimeFinder.swift */ = {isa = PBXFileReference; lastKnownFileType = sourcecode.swift; path = "Int+PrimeFinder.swift"; sourceTree = "<group>"; };
		52F7383B20F42A5100971C86 /* Utility.swift */ = {isa = PBXFileReference; lastKnownFileType = sourcecode.swift; path = Utility.swift; sourceTree = "<group>"; };
		52F7383D20F4420A00971C86 /* NetworkingClient.swift */ = {isa = PBXFileReference; lastKnownFileType = sourcecode.swift; path = NetworkingClient.swift; sourceTree = "<group>"; };
		52F7383F20F4549800971C86 /* imageCollectionViewCell.swift */ = {isa = PBXFileReference; lastKnownFileType = sourcecode.swift; path = imageCollectionViewCell.swift; sourceTree = "<group>"; };
		52F7384120F4558800971C86 /* ImageData.swift */ = {isa = PBXFileReference; lastKnownFileType = sourcecode.swift; path = ImageData.swift; sourceTree = "<group>"; };
		52F7384320F462D200971C86 /* Components.swift */ = {isa = PBXFileReference; lastKnownFileType = sourcecode.swift; path = Components.swift; sourceTree = "<group>"; };
		52F7384520F4780400971C86 /* NetworkResponse.swift */ = {isa = PBXFileReference; lastKnownFileType = sourcecode.swift; path = NetworkResponse.swift; sourceTree = "<group>"; };
		52F7384E20F4FAE100971C86 /* ImageCache.swift */ = {isa = PBXFileReference; lastKnownFileType = sourcecode.swift; path = ImageCache.swift; sourceTree = "<group>"; };
		52F7385020F51C4000971C86 /* NetworkErrors.swift */ = {isa = PBXFileReference; lastKnownFileType = sourcecode.swift; path = NetworkErrors.swift; sourceTree = "<group>"; };
/* End PBXFileReference section */

/* Begin PBXFrameworksBuildPhase section */
		52F7382120F415EA00971C86 /* Frameworks */ = {
			isa = PBXFrameworksBuildPhase;
			buildActionMask = 2147483647;
			files = (
			);
			runOnlyForDeploymentPostprocessing = 0;
		};
/* End PBXFrameworksBuildPhase section */

/* Begin PBXGroup section */
		52F7381B20F415EA00971C86 = {
			isa = PBXGroup;
			children = (
				52F7382620F415EA00971C86 /* SpinCar */,
				52F7382520F415EA00971C86 /* Products */,
			);
			sourceTree = "<group>";
		};
		52F7382520F415EA00971C86 /* Products */ = {
			isa = PBXGroup;
			children = (
				52F7382420F415EA00971C86 /* SpinCar.app */,
			);
			name = Products;
			sourceTree = "<group>";
		};
		52F7382620F415EA00971C86 /* SpinCar */ = {
			isa = PBXGroup;
			children = (
				52F7383320F415ED00971C86 /* Info.plist */,
				52F7384D20F49F5600971C86 /* SupportingFiles */,
				52F7384C20F49F0200971C86 /* Utilities */,
				52F7384B20F49EE200971C86 /* Extensions */,
				52F7384A20F49EC400971C86 /* View */,
				52F7384920F49EBC00971C86 /* Model */,
				52F7384820F49EB200971C86 /* Clients */,
				52F7384720F49EA800971C86 /* Controllers */,
			);
			path = SpinCar;
			sourceTree = "<group>";
		};
		52F7384720F49EA800971C86 /* Controllers */ = {
			isa = PBXGroup;
			children = (
				52F7382920F415EA00971C86 /* ViewController.swift */,
			);
			path = Controllers;
			sourceTree = "<group>";
		};
		52F7384820F49EB200971C86 /* Clients */ = {
			isa = PBXGroup;
			children = (
				52F7383D20F4420A00971C86 /* NetworkingClient.swift */,
			);
			path = Clients;
			sourceTree = "<group>";
		};
		52F7384920F49EBC00971C86 /* Model */ = {
			isa = PBXGroup;
			children = (
				52F7384120F4558800971C86 /* ImageData.swift */,
				52F7384520F4780400971C86 /* NetworkResponse.swift */,
			);
			path = Model;
			sourceTree = "<group>";
		};
		52F7384A20F49EC400971C86 /* View */ = {
			isa = PBXGroup;
			children = (
				52F7382B20F415EA00971C86 /* Main.storyboard */,
				52F7383F20F4549800971C86 /* imageCollectionViewCell.swift */,
			);
			path = View;
			sourceTree = "<group>";
		};
		52F7384B20F49EE200971C86 /* Extensions */ = {
			isa = PBXGroup;
			children = (
				52F7383920F41EE900971C86 /* Int+PrimeFinder.swift */,
			);
			path = Extensions;
			sourceTree = "<group>";
		};
		52F7384C20F49F0200971C86 /* Utilities */ = {
			isa = PBXGroup;
			children = (
				52F7384320F462D200971C86 /* Components.swift */,
				52F7383B20F42A5100971C86 /* Utility.swift */,
				52F7385020F51C4000971C86 /* NetworkErrors.swift */,
				52F7384E20F4FAE100971C86 /* ImageCache.swift */,
			);
			path = Utilities;
			sourceTree = "<group>";
		};
		52F7384D20F49F5600971C86 /* SupportingFiles */ = {
			isa = PBXGroup;
			children = (
				52F7382720F415EA00971C86 /* AppDelegate.swift */,
				52F7382E20F415ED00971C86 /* Assets.xcassets */,
				52F7383020F415ED00971C86 /* LaunchScreen.storyboard */,
			);
			path = SupportingFiles;
			sourceTree = "<group>";
		};
/* End PBXGroup section */

/* Begin PBXNativeTarget section */
		52F7382320F415EA00971C86 /* SpinCar */ = {
			isa = PBXNativeTarget;
			buildConfigurationList = 52F7383620F415ED00971C86 /* Build configuration list for PBXNativeTarget "SpinCar" */;
			buildPhases = (
				52F7382020F415EA00971C86 /* Sources */,
				52F7382120F415EA00971C86 /* Frameworks */,
				52F7382220F415EA00971C86 /* Resources */,
			);
			buildRules = (
			);
			dependencies = (
			);
			name = SpinCar;
			productName = SpinCar;
			productReference = 52F7382420F415EA00971C86 /* SpinCar.app */;
			productType = "com.apple.product-type.application";
		};
/* End PBXNativeTarget section */

/* Begin PBXProject section */
		52F7381C20F415EA00971C86 /* Project object */ = {
			isa = PBXProject;
			attributes = {
				LastSwiftUpdateCheck = 0940;
				LastUpgradeCheck = 0940;
				ORGANIZATIONNAME = Satya;
				TargetAttributes = {
					52F7382320F415EA00971C86 = {
						CreatedOnToolsVersion = 9.4.1;
					};
				};
			};
			buildConfigurationList = 52F7381F20F415EA00971C86 /* Build configuration list for PBXProject "SpinCar" */;
			compatibilityVersion = "Xcode 9.3";
			developmentRegion = en;
			hasScannedForEncodings = 0;
			knownRegions = (
				en,
				Base,
			);
			mainGroup = 52F7381B20F415EA00971C86;
			productRefGroup = 52F7382520F415EA00971C86 /* Products */;
			projectDirPath = "";
			projectRoot = "";
			targets = (
				52F7382320F415EA00971C86 /* SpinCar */,
			);
		};
/* End PBXProject section */

/* Begin PBXResourcesBuildPhase section */
		52F7382220F415EA00971C86 /* Resources */ = {
			isa = PBXResourcesBuildPhase;
			buildActionMask = 2147483647;
			files = (
				52F7383220F415ED00971C86 /* LaunchScreen.storyboard in Resources */,
				52F7382F20F415ED00971C86 /* Assets.xcassets in Resources */,
				52F7382D20F415EA00971C86 /* Main.storyboard in Resources */,
			);
			runOnlyForDeploymentPostprocessing = 0;
		};
/* End PBXResourcesBuildPhase section */

/* Begin PBXSourcesBuildPhase section */
		52F7382020F415EA00971C86 /* Sources */ = {
			isa = PBXSourcesBuildPhase;
			buildActionMask = 2147483647;
			files = (
				52F7384F20F4FAE100971C86 /* ImageCache.swift in Sources */,
				52F7383C20F42A5100971C86 /* Utility.swift in Sources */,
				52F7383E20F4420A00971C86 /* NetworkingClient.swift in Sources */,
				52F7384020F4549800971C86 /* imageCollectionViewCell.swift in Sources */,
				52F7382A20F415EA00971C86 /* ViewController.swift in Sources */,
				52F7382820F415EA00971C86 /* AppDelegate.swift in Sources */,
				52F7384620F4780400971C86 /* NetworkResponse.swift in Sources */,
				52F7383A20F41EE900971C86 /* Int+PrimeFinder.swift in Sources */,
				52F7385120F51C4000971C86 /* NetworkErrors.swift in Sources */,
				52F7384220F4558800971C86 /* ImageData.swift in Sources */,
				52F7384420F462D200971C86 /* Components.swift in Sources */,
			);
			runOnlyForDeploymentPostprocessing = 0;
		};
/* End PBXSourcesBuildPhase section */

/* Begin PBXVariantGroup section */
		52F7382B20F415EA00971C86 /* Main.storyboard */ = {
			isa = PBXVariantGroup;
			children = (
				52F7382C20F415EA00971C86 /* Base */,
			);
			name = Main.storyboard;
			sourceTree = "<group>";
		};
		52F7383020F415ED00971C86 /* LaunchScreen.storyboard */ = {
			isa = PBXVariantGroup;
			children = (
				52F7383120F415ED00971C86 /* Base */,
			);
			name = LaunchScreen.storyboard;
			sourceTree = "<group>";
		};
/* End PBXVariantGroup section */

/* Begin XCBuildConfiguration section */
		52F7383420F415ED00971C86 /* Debug */ = {
			isa = XCBuildConfiguration;
			buildSettings = {
				ALWAYS_SEARCH_USER_PATHS = NO;
				CLANG_ANALYZER_NONNULL = YES;
				CLANG_ANALYZER_NUMBER_OBJECT_CONVERSION = YES_AGGRESSIVE;
				CLANG_CXX_LANGUAGE_STANDARD = "gnu++14";
				CLANG_CXX_LIBRARY = "libc++";
				CLANG_ENABLE_MODULES = YES;
				CLANG_ENABLE_OBJC_ARC = YES;
				CLANG_ENABLE_OBJC_WEAK = YES;
				CLANG_WARN_BLOCK_CAPTURE_AUTORELEASING = YES;
				CLANG_WARN_BOOL_CONVERSION = YES;
				CLANG_WARN_COMMA = YES;
				CLANG_WARN_CONSTANT_CONVERSION = YES;
				CLANG_WARN_DEPRECATED_OBJC_IMPLEMENTATIONS = YES;
				CLANG_WARN_DIRECT_OBJC_ISA_USAGE = YES_ERROR;
				CLANG_WARN_DOCUMENTATION_COMMENTS = YES;
				CLANG_WARN_EMPTY_BODY = YES;
				CLANG_WARN_ENUM_CONVERSION = YES;
				CLANG_WARN_INFINITE_RECURSION = YES;
				CLANG_WARN_INT_CONVERSION = YES;
				CLANG_WARN_NON_LITERAL_NULL_CONVERSION = YES;
				CLANG_WARN_OBJC_IMPLICIT_RETAIN_SELF = YES;
				CLANG_WARN_OBJC_LITERAL_CONVERSION = YES;
				CLANG_WARN_OBJC_ROOT_CLASS = YES_ERROR;
				CLANG_WARN_RANGE_LOOP_ANALYSIS = YES;
				CLANG_WARN_STRICT_PROTOTYPES = YES;
				CLANG_WARN_SUSPICIOUS_MOVE = YES;
				CLANG_WARN_UNGUARDED_AVAILABILITY = YES_AGGRESSIVE;
				CLANG_WARN_UNREACHABLE_CODE = YES;
				CLANG_WARN__DUPLICATE_METHOD_MATCH = YES;
				CODE_SIGN_IDENTITY = "iPhone Developer";
				COPY_PHASE_STRIP = NO;
				DEBUG_INFORMATION_FORMAT = dwarf;
				ENABLE_STRICT_OBJC_MSGSEND = YES;
				ENABLE_TESTABILITY = YES;
				GCC_C_LANGUAGE_STANDARD = gnu11;
				GCC_DYNAMIC_NO_PIC = NO;
				GCC_NO_COMMON_BLOCKS = YES;
				GCC_OPTIMIZATION_LEVEL = 0;
				GCC_PREPROCESSOR_DEFINITIONS = (
					"DEBUG=1",
					"$(inherited)",
				);
				GCC_WARN_64_TO_32_BIT_CONVERSION = YES;
				GCC_WARN_ABOUT_RETURN_TYPE = YES_ERROR;
				GCC_WARN_UNDECLARED_SELECTOR = YES;
				GCC_WARN_UNINITIALIZED_AUTOS = YES_AGGRESSIVE;
				GCC_WARN_UNUSED_FUNCTION = YES;
				GCC_WARN_UNUSED_VARIABLE = YES;
				IPHONEOS_DEPLOYMENT_TARGET = 11.4;
				MTL_ENABLE_DEBUG_INFO = YES;
				ONLY_ACTIVE_ARCH = YES;
				SDKROOT = iphoneos;
				SWIFT_ACTIVE_COMPILATION_CONDITIONS = DEBUG;
				SWIFT_OPTIMIZATION_LEVEL = "-Onone";
			};
			name = Debug;
		};
		52F7383520F415ED00971C86 /* Release */ = {
			isa = XCBuildConfiguration;
			buildSettings = {
				ALWAYS_SEARCH_USER_PATHS = NO;
				CLANG_ANALYZER_NONNULL = YES;
				CLANG_ANALYZER_NUMBER_OBJECT_CONVERSION = YES_AGGRESSIVE;
				CLANG_CXX_LANGUAGE_STANDARD = "gnu++14";
				CLANG_CXX_LIBRARY = "libc++";
				CLANG_ENABLE_MODULES = YES;
				CLANG_ENABLE_OBJC_ARC = YES;
				CLANG_ENABLE_OBJC_WEAK = YES;
				CLANG_WARN_BLOCK_CAPTURE_AUTORELEASING = YES;
				CLANG_WARN_BOOL_CONVERSION = YES;
				CLANG_WARN_COMMA = YES;
				CLANG_WARN_CONSTANT_CONVERSION = YES;
				CLANG_WARN_DEPRECATED_OBJC_IMPLEMENTATIONS = YES;
				CLANG_WARN_DIRECT_OBJC_ISA_USAGE = YES_ERROR;
				CLANG_WARN_DOCUMENTATION_COMMENTS = YES;
				CLANG_WARN_EMPTY_BODY = YES;
				CLANG_WARN_ENUM_CONVERSION = YES;
				CLANG_WARN_INFINITE_RECURSION = YES;
				CLANG_WARN_INT_CONVERSION = YES;
				CLANG_WARN_NON_LITERAL_NULL_CONVERSION = YES;
				CLANG_WARN_OBJC_IMPLICIT_RETAIN_SELF = YES;
				CLANG_WARN_OBJC_LITERAL_CONVERSION = YES;
				CLANG_WARN_OBJC_ROOT_CLASS = YES_ERROR;
				CLANG_WARN_RANGE_LOOP_ANALYSIS = YES;
				CLANG_WARN_STRICT_PROTOTYPES = YES;
				CLANG_WARN_SUSPICIOUS_MOVE = YES;
				CLANG_WARN_UNGUARDED_AVAILABILITY = YES_AGGRESSIVE;
				CLANG_WARN_UNREACHABLE_CODE = YES;
				CLANG_WARN__DUPLICATE_METHOD_MATCH = YES;
				CODE_SIGN_IDENTITY = "iPhone Developer";
				COPY_PHASE_STRIP = NO;
				DEBUG_INFORMATION_FORMAT = "dwarf-with-dsym";
				ENABLE_NS_ASSERTIONS = NO;
				ENABLE_STRICT_OBJC_MSGSEND = YES;
				GCC_C_LANGUAGE_STANDARD = gnu11;
				GCC_NO_COMMON_BLOCKS = YES;
				GCC_WARN_64_TO_32_BIT_CONVERSION = YES;
				GCC_WARN_ABOUT_RETURN_TYPE = YES_ERROR;
				GCC_WARN_UNDECLARED_SELECTOR = YES;
				GCC_WARN_UNINITIALIZED_AUTOS = YES_AGGRESSIVE;
				GCC_WARN_UNUSED_FUNCTION = YES;
				GCC_WARN_UNUSED_VARIABLE = YES;
				IPHONEOS_DEPLOYMENT_TARGET = 11.4;
				MTL_ENABLE_DEBUG_INFO = NO;
				SDKROOT = iphoneos;
				SWIFT_COMPILATION_MODE = wholemodule;
				SWIFT_OPTIMIZATION_LEVEL = "-O";
				VALIDATE_PRODUCT = YES;
			};
			name = Release;
		};
		52F7383720F415ED00971C86 /* Debug */ = {
			isa = XCBuildConfiguration;
			buildSettings = {
				ASSETCATALOG_COMPILER_APPICON_NAME = AppIcon;
				CODE_SIGN_STYLE = Automatic;
				DEVELOPMENT_TEAM = RWA7463NDR;
				INFOPLIST_FILE = SpinCar/Info.plist;
				LD_RUNPATH_SEARCH_PATHS = (
					"$(inherited)",
					"@executable_path/Frameworks",
				);
				PRODUCT_BUNDLE_IDENTIFIER = com.SpinCar.Satya.SpinCar;
				PRODUCT_NAME = "$(TARGET_NAME)";
				SWIFT_VERSION = 4.0;
				TARGETED_DEVICE_FAMILY = "1,2";
			};
			name = Debug;
		};
		52F7383820F415ED00971C86 /* Release */ = {
			isa = XCBuildConfiguration;
			buildSettings = {
				ASSETCATALOG_COMPILER_APPICON_NAME = AppIcon;
				CODE_SIGN_STYLE = Automatic;
				DEVELOPMENT_TEAM = RWA7463NDR;
				INFOPLIST_FILE = SpinCar/Info.plist;
				LD_RUNPATH_SEARCH_PATHS = (
					"$(inherited)",
					"@executable_path/Frameworks",
				);
				PRODUCT_BUNDLE_IDENTIFIER = com.SpinCar.Satya.SpinCar;
				PRODUCT_NAME = "$(TARGET_NAME)";
				SWIFT_VERSION = 4.0;
				TARGETED_DEVICE_FAMILY = "1,2";
			};
			name = Release;
		};
/* End XCBuildConfiguration section */

/* Begin XCConfigurationList section */
		52F7381F20F415EA00971C86 /* Build configuration list for PBXProject "SpinCar" */ = {
			isa = XCConfigurationList;
			buildConfigurations = (
				52F7383420F415ED00971C86 /* Debug */,
				52F7383520F415ED00971C86 /* Release */,
			);
			defaultConfigurationIsVisible = 0;
			defaultConfigurationName = Release;
		};
		52F7383620F415ED00971C86 /* Build configuration list for PBXNativeTarget "SpinCar" */ = {
			isa = XCConfigurationList;
			buildConfigurations = (
				52F7383720F415ED00971C86 /* Debug */,
				52F7383820F415ED00971C86 /* Release */,
			);
			defaultConfigurationIsVisible = 0;
			defaultConfigurationName = Release;
		};
/* End XCConfigurationList section */
	};
	rootObject = 52F7381C20F415EA00971C86 /* Project object */;
}
